
Microsoft Visual Studio Solution File, Format Version 12.00
# Visual Studio Version 17
VisualStudioVersion = 17.13.35913.81 d17.13
MinimumVisualStudioVersion = 10.0.40219.1
Project("{FAE04EC0-301F-11D3-BF4B-00C04F79EFBC}") = "CalculatorWin", "CalculatorWin\CalculatorWin.csproj", "{CF39F279-F318-4C74-B8B2-4722E9EFA634}"
EndProject
Global
	GlobalSection(SolutionConfigurationPlatforms) = preSolution
		Debug|Any CPU = Debug|Any CPU
		Release|Any CPU = Release|Any CPU
	EndGlobalSection
	GlobalSection(ProjectConfigurationPlatforms) = postSolution
		{CF39F279-F318-4C74-B8B2-4722E9EFA634}.Debug|Any CPU.ActiveCfg = Debug|Any CPU
		{CF39F279-F318-4C74-B8B2-4722E9EFA634}.Debug|Any CPU.Build.0 = Debug|Any CPU
		{CF39F279-F318-4C74-B8B2-4722E9EFA634}.Release|Any CPU.ActiveCfg = Release|Any CPU
		{CF39F279-F318-4C74-B8B2-4722E9EFA634}.Release|Any CPU.Build.0 = Release|Any CPU
	EndGlobalSection
	GlobalSection(SolutionProperties) = preSolution
		HideSolutionNode = FALSE
	EndGlobalSection
	GlobalSection(ExtensibilityGlobals) = postSolution
		SolutionGuid = {CE6A3B25-9FB1-41FF-95FE-9ED588943238}
	EndGlobalSection
EndGlobal
